
Microsoft Visual Studio Solution File, Format Version 12.00
# Visual Studio Version 17
VisualStudioVersion = 17.10.35122.118
MinimumVisualStudioVersion = 10.0.40219.1
Project("{9A19103F-16F7-4668-BE54-9A1E7A4F7556}") = "KafkaProducer", "KafkaProducer\KafkaProducer.csproj", "{352A3EFC-F031-4E28-8FE8-1FEFC949CAFE}"
EndProject
Project("{FAE04EC0-301F-11D3-BF4B-00C04F79EFBC}") = "KafkaConsumer", "KafkaConsumer\KafkaConsumer.csproj", "{FE81F8D6-66AB-415C-929C-9DF2888679E9}"
EndProject
Project("{FAE04EC0-301F-11D3-BF4B-00C04F79EFBC}") = "Common", "Common\Common.csproj", "{7D7C5288-8265-49DA-8DCB-7F07080C11C5}"
EndProject
Global
	GlobalSection(SolutionConfigurationPlatforms) = preSolution
		Debug|Any CPU = Debug|Any CPU
		Release|Any CPU = Release|Any CPU
	EndGlobalSection
	GlobalSection(ProjectConfigurationPlatforms) = postSolution
		{352A3EFC-F031-4E28-8FE8-1FEFC949CAFE}.Debug|Any CPU.ActiveCfg = Debug|Any CPU
		{352A3EFC-F031-4E28-8FE8-1FEFC949CAFE}.Debug|Any CPU.Build.0 = Debug|Any CPU
		{352A3EFC-F031-4E28-8FE8-1FEFC949CAFE}.Release|Any CPU.ActiveCfg = Release|Any CPU
		{352A3EFC-F031-4E28-8FE8-1FEFC949CAFE}.Release|Any CPU.Build.0 = Release|Any CPU
		{FE81F8D6-66AB-415C-929C-9DF2888679E9}.Debug|Any CPU.ActiveCfg = Debug|Any CPU
		{FE81F8D6-66AB-415C-929C-9DF2888679E9}.Debug|Any CPU.Build.0 = Debug|Any CPU
		{FE81F8D6-66AB-415C-929C-9DF2888679E9}.Release|Any CPU.ActiveCfg = Release|Any CPU
		{FE81F8D6-66AB-415C-929C-9DF2888679E9}.Release|Any CPU.Build.0 = Release|Any CPU
		{7D7C5288-8265-49DA-8DCB-7F07080C11C5}.Debug|Any CPU.ActiveCfg = Debug|Any CPU
		{7D7C5288-8265-49DA-8DCB-7F07080C11C5}.Debug|Any CPU.Build.0 = Debug|Any CPU
		{7D7C5288-8265-49DA-8DCB-7F07080C11C5}.Release|Any CPU.ActiveCfg = Release|Any CPU
		{7D7C5288-8265-49DA-8DCB-7F07080C11C5}.Release|Any CPU.Build.0 = Release|Any CPU
	EndGlobalSection
	GlobalSection(SolutionProperties) = preSolution
		HideSolutionNode = FALSE
	EndGlobalSection
	GlobalSection(ExtensibilityGlobals) = postSolution
		SolutionGuid = {0531716E-6ECF-4B64-AEA8-4A9D6E3D3987}
	EndGlobalSection
EndGlobal
